// !$*UTF8*$!
{
	archiveVersion = 1;
	classes = {
	};
	objectVersion = 48;
	objects = {

/* Begin PBXBuildFile section */
		2914D89021B295F900D8644B /* AppDelegate.swift in Sources */ = {isa = PBXBuildFile; fileRef = 2914D88F21B295F900D8644B /* AppDelegate.swift */; };
		2914D89221B295F900D8644B /* FirstViewController.swift in Sources */ = {isa = PBXBuildFile; fileRef = 2914D89121B295F900D8644B /* FirstViewController.swift */; };
		2914D89421B295F900D8644B /* SecondViewController.swift in Sources */ = {isa = PBXBuildFile; fileRef = 2914D89321B295F900D8644B /* SecondViewController.swift */; };
		2914D89721B295F900D8644B /* Main.storyboard in Resources */ = {isa = PBXBuildFile; fileRef = 2914D89521B295F900D8644B /* Main.storyboard */; };
		2914D89921B295F900D8644B /* Assets.xcassets in Resources */ = {isa = PBXBuildFile; fileRef = 2914D89821B295F900D8644B /* Assets.xcassets */; };
		2914D89C21B295F900D8644B /* LaunchScreen.storyboard in Resources */ = {isa = PBXBuildFile; fileRef = 2914D89A21B295F900D8644B /* LaunchScreen.storyboard */; };
		2914D8A721B295F900D8644B /* Intro_to_iOSTests.swift in Sources */ = {isa = PBXBuildFile; fileRef = 2914D8A621B295F900D8644B /* Intro_to_iOSTests.swift */; };
		2914D8B221B295F900D8644B /* Intro_to_iOSUITests.swift in Sources */ = {isa = PBXBuildFile; fileRef = 2914D8B121B295F900D8644B /* Intro_to_iOSUITests.swift */; };
		2914D8C021B29A0300D8644B /* TabBar icon in Resources */ = {isa = PBXBuildFile; fileRef = 2914D8BF21B29A0300D8644B /* TabBar icon */; };
		2914D8C221B29BCC00D8644B /* Screen Shot 2018-12-01 at 12.36.35 PM.png in Resources */ = {isa = PBXBuildFile; fileRef = 2914D8C121B29BCC00D8644B /* Screen Shot 2018-12-01 at 12.36.35 PM.png */; };
/* End PBXBuildFile section */

/* Begin PBXContainerItemProxy section */
		2914D8A321B295F900D8644B /* PBXContainerItemProxy */ = {
			isa = PBXContainerItemProxy;
			containerPortal = 2914D88421B295F900D8644B /* Project object */;
			proxyType = 1;
			remoteGlobalIDString = 2914D88B21B295F900D8644B;
			remoteInfo = "Intro to iOS";
		};
		2914D8AE21B295F900D8644B /* PBXContainerItemProxy */ = {
			isa = PBXContainerItemProxy;
			containerPortal = 2914D88421B295F900D8644B /* Project object */;
			proxyType = 1;
			remoteGlobalIDString = 2914D88B21B295F900D8644B;
			remoteInfo = "Intro to iOS";
		};
/* End PBXContainerItemProxy section */

/* Begin PBXFileReference section */
		2914D88C21B295F900D8644B /* Intro to iOS.app */ = {isa = PBXFileReference; explicitFileType = wrapper.application; includeInIndex = 0; path = "Intro to iOS.app"; sourceTree = BUILT_PRODUCTS_DIR; };
		2914D88F21B295F900D8644B /* AppDelegate.swift */ = {isa = PBXFileReference; lastKnownFileType = sourcecode.swift; path = AppDelegate.swift; sourceTree = "<group>"; };
		2914D89121B295F900D8644B /* FirstViewController.swift */ = {isa = PBXFileReference; lastKnownFileType = sourcecode.swift; path = FirstViewController.swift; sourceTree = "<group>"; };
		2914D89321B295F900D8644B /* SecondViewController.swift */ = {isa = PBXFileReference; lastKnownFileType = sourcecode.swift; path = SecondViewController.swift; sourceTree = "<group>"; };
		2914D89621B295F900D8644B /* Base */ = {isa = PBXFileReference; lastKnownFileType = file.storyboard; name = Base; path = Base.lproj/Main.storyboard; sourceTree = "<group>"; };
		2914D89821B295F900D8644B /* Assets.xcassets */ = {isa = PBXFileReference; lastKnownFileType = folder.assetcatalog; path = Assets.xcassets; sourceTree = "<group>"; };
		2914D89B21B295F900D8644B /* Base */ = {isa = PBXFileReference; lastKnownFileType = file.storyboard; name = Base; path = Base.lproj/LaunchScreen.storyboard; sourceTree = "<group>"; };
		2914D89D21B295F900D8644B /* Info.plist */ = {isa = PBXFileReference; lastKnownFileType = text.plist.xml; path = Info.plist; sourceTree = "<group>"; };
		2914D8A221B295F900D8644B /* Intro to iOSTests.xctest */ = {isa = PBXFileReference; explicitFileType = wrapper.cfbundle; includeInIndex = 0; path = "Intro to iOSTests.xctest"; sourceTree = BUILT_PRODUCTS_DIR; };
		2914D8A621B295F900D8644B /* Intro_to_iOSTests.swift */ = {isa = PBXFileReference; lastKnownFileType = sourcecode.swift; path = Intro_to_iOSTests.swift; sourceTree = "<group>"; };
		2914D8A821B295F900D8644B /* Info.plist */ = {isa = PBXFileReference; lastKnownFileType = text.plist.xml; path = Info.plist; sourceTree = "<group>"; };
		2914D8AD21B295F900D8644B /* Intro to iOSUITests.xctest */ = {isa = PBXFileReference; explicitFileType = wrapper.cfbundle; includeInIndex = 0; path = "Intro to iOSUITests.xctest"; sourceTree = BUILT_PRODUCTS_DIR; };
		2914D8B121B295F900D8644B /* Intro_to_iOSUITests.swift */ = {isa = PBXFileReference; lastKnownFileType = sourcecode.swift; path = Intro_to_iOSUITests.swift; sourceTree = "<group>"; };
		2914D8B321B295F900D8644B /* Info.plist */ = {isa = PBXFileReference; lastKnownFileType = text.plist.xml; path = Info.plist; sourceTree = "<group>"; };
		2914D8BF21B29A0300D8644B /* TabBar icon */ = {isa = PBXFileReference; lastKnownFileType = folder; path = "TabBar icon"; sourceTree = "<group>"; };
		2914D8C121B29BCC00D8644B /* Screen Shot 2018-12-01 at 12.36.35 PM.png */ = {isa = PBXFileReference; lastKnownFileType = image.png; path = "Screen Shot 2018-12-01 at 12.36.35 PM.png"; sourceTree = "<group>"; };
/* End PBXFileReference section */

/* Begin PBXFrameworksBuildPhase section */
		2914D88921B295F900D8644B /* Frameworks */ = {
			isa = PBXFrameworksBuildPhase;
			buildActionMask = 2147483647;
			files = (
			);
			runOnlyForDeploymentPostprocessing = 0;
		};
		2914D89F21B295F900D8644B /* Frameworks */ = {
			isa = PBXFrameworksBuildPhase;
			buildActionMask = 2147483647;
			files = (
			);
			runOnlyForDeploymentPostprocessing = 0;
		};
		2914D8AA21B295F900D8644B /* Frameworks */ = {
			isa = PBXFrameworksBuildPhase;
			buildActionMask = 2147483647;
			files = (
			);
			runOnlyForDeploymentPostprocessing = 0;
		};
/* End PBXFrameworksBuildPhase section */

/* Begin PBXGroup section */
		2914D88321B295F900D8644B = {
			isa = PBXGroup;
			children = (
				2914D88E21B295F900D8644B /* Intro to iOS */,
				2914D8A521B295F900D8644B /* Intro to iOSTests */,
				2914D8B021B295F900D8644B /* Intro to iOSUITests */,
				2914D88D21B295F900D8644B /* Products */,
				2914D8BF21B29A0300D8644B /* TabBar icon */,
			);
			sourceTree = "<group>";
		};
		2914D88D21B295F900D8644B /* Products */ = {
			isa = PBXGroup;
			children = (
				2914D88C21B295F900D8644B /* Intro to iOS.app */,
				2914D8A221B295F900D8644B /* Intro to iOSTests.xctest */,
				2914D8AD21B295F900D8644B /* Intro to iOSUITests.xctest */,
			);
			name = Products;
			sourceTree = "<group>";
		};
		2914D88E21B295F900D8644B /* Intro to iOS */ = {
			isa = PBXGroup;
			children = (
				2914D88F21B295F900D8644B /* AppDelegate.swift */,
				2914D89121B295F900D8644B /* FirstViewController.swift */,
				2914D89321B295F900D8644B /* SecondViewController.swift */,
				2914D89521B295F900D8644B /* Main.storyboard */,
				2914D89821B295F900D8644B /* Assets.xcassets */,
				2914D89A21B295F900D8644B /* LaunchScreen.storyboard */,
				2914D8C121B29BCC00D8644B /* Screen Shot 2018-12-01 at 12.36.35 PM.png */,
				2914D89D21B295F900D8644B /* Info.plist */,
			);
			path = "Intro to iOS";
			sourceTree = "<group>";
		};
		2914D8A521B295F900D8644B /* Intro to iOSTests */ = {
			isa = PBXGroup;
			children = (
				2914D8A621B295F900D8644B /* Intro_to_iOSTests.swift */,
				2914D8A821B295F900D8644B /* Info.plist */,
			);
			path = "Intro to iOSTests";
			sourceTree = "<group>";
		};
		2914D8B021B295F900D8644B /* Intro to iOSUITests */ = {
			isa = PBXGroup;
			children = (
				2914D8B121B295F900D8644B /* Intro_to_iOSUITests.swift */,
				2914D8B321B295F900D8644B /* Info.plist */,
			);
			path = "Intro to iOSUITests";
			sourceTree = "<group>";
		};
/* End PBXGroup section */

/* Begin PBXNativeTarget section */
		2914D88B21B295F900D8644B /* Intro to iOS */ = {
			isa = PBXNativeTarget;
			buildConfigurationList = 2914D8B621B295F900D8644B /* Build configuration list for PBXNativeTarget "Intro to iOS" */;
			buildPhases = (
				2914D88821B295F900D8644B /* Sources */,
				2914D88921B295F900D8644B /* Frameworks */,
				2914D88A21B295F900D8644B /* Resources */,
			);
			buildRules = (
			);
			dependencies = (
			);
			name = "Intro to iOS";
			productName = "Intro to iOS";
			productReference = 2914D88C21B295F900D8644B /* Intro to iOS.app */;
			productType = "com.apple.product-type.application";
		};
		2914D8A121B295F900D8644B /* Intro to iOSTests */ = {
			isa = PBXNativeTarget;
			buildConfigurationList = 2914D8B921B295F900D8644B /* Build configuration list for PBXNativeTarget "Intro to iOSTests" */;
			buildPhases = (
				2914D89E21B295F900D8644B /* Sources */,
				2914D89F21B295F900D8644B /* Frameworks */,
				2914D8A021B295F900D8644B /* Resources */,
			);
			buildRules = (
			);
			dependencies = (
				2914D8A421B295F900D8644B /* PBXTargetDependency */,
			);
			name = "Intro to iOSTests";
			productName = "Intro to iOSTests";
			productReference = 2914D8A221B295F900D8644B /* Intro to iOSTests.xctest */;
			productType = "com.apple.product-type.bundle.unit-test";
		};
		2914D8AC21B295F900D8644B /* Intro to iOSUITests */ = {
			isa = PBXNativeTarget;
			buildConfigurationList = 2914D8BC21B295F900D8644B /* Build configuration list for PBXNativeTarget "Intro to iOSUITests" */;
			buildPhases = (
				2914D8A921B295F900D8644B /* Sources */,
				2914D8AA21B295F900D8644B /* Frameworks */,
				2914D8AB21B295F900D8644B /* Resources */,
			);
			buildRules = (
			);
			dependencies = (
				2914D8AF21B295F900D8644B /* PBXTargetDependency */,
			);
			name = "Intro to iOSUITests";
			productName = "Intro to iOSUITests";
			productReference = 2914D8AD21B295F900D8644B /* Intro to iOSUITests.xctest */;
			productType = "com.apple.product-type.bundle.ui-testing";
		};
/* End PBXNativeTarget section */

/* Begin PBXProject section */
		2914D88421B295F900D8644B /* Project object */ = {
			isa = PBXProject;
			attributes = {
				LastSwiftUpdateCheck = 0920;
				LastUpgradeCheck = 0920;
				ORGANIZATIONNAME = "Kostiantyn MERKULOV";
				TargetAttributes = {
					2914D88B21B295F900D8644B = {
						CreatedOnToolsVersion = 9.2;
						ProvisioningStyle = Automatic;
					};
					2914D8A121B295F900D8644B = {
						CreatedOnToolsVersion = 9.2;
						ProvisioningStyle = Automatic;
						TestTargetID = 2914D88B21B295F900D8644B;
					};
					2914D8AC21B295F900D8644B = {
						CreatedOnToolsVersion = 9.2;
						ProvisioningStyle = Automatic;
						TestTargetID = 2914D88B21B295F900D8644B;
					};
				};
			};
			buildConfigurationList = 2914D88721B295F900D8644B /* Build configuration list for PBXProject "Intro to iOS" */;
			compatibilityVersion = "Xcode 8.0";
			developmentRegion = en;
			hasScannedForEncodings = 0;
			knownRegions = (
				en,
				Base,
			);
			mainGroup = 2914D88321B295F900D8644B;
			productRefGroup = 2914D88D21B295F900D8644B /* Products */;
			projectDirPath = "";
			projectRoot = "";
			targets = (
				2914D88B21B295F900D8644B /* Intro to iOS */,
				2914D8A121B295F900D8644B /* Intro to iOSTests */,
				2914D8AC21B295F900D8644B /* Intro to iOSUITests */,
			);
		};
/* End PBXProject section */

/* Begin PBXResourcesBuildPhase section */
		2914D88A21B295F900D8644B /* Resources */ = {
			isa = PBXResourcesBuildPhase;
			buildActionMask = 2147483647;
			files = (
				2914D8C021B29A0300D8644B /* TabBar icon in Resources */,
				2914D89C21B295F900D8644B /* LaunchScreen.storyboard in Resources */,
				2914D89921B295F900D8644B /* Assets.xcassets in Resources */,
				2914D89721B295F900D8644B /* Main.storyboard in Resources */,
				2914D8C221B29BCC00D8644B /* Screen Shot 2018-12-01 at 12.36.35 PM.png in Resources */,
			);
			runOnlyForDeploymentPostprocessing = 0;
		};
		2914D8A021B295F900D8644B /* Resources */ = {
			isa = PBXResourcesBuildPhase;
			buildActionMask = 2147483647;
			files = (
			);
			runOnlyForDeploymentPostprocessing = 0;
		};
		2914D8AB21B295F900D8644B /* Resources */ = {
			isa = PBXResourcesBuildPhase;
			buildActionMask = 2147483647;
			files = (
			);
			runOnlyForDeploymentPostprocessing = 0;
		};
/* End PBXResourcesBuildPhase section */

/* Begin PBXSourcesBuildPhase section */
		2914D88821B295F900D8644B /* Sources */ = {
			isa = PBXSourcesBuildPhase;
			buildActionMask = 2147483647;
			files = (
				2914D89421B295F900D8644B /* SecondViewController.swift in Sources */,
				2914D89021B295F900D8644B /* AppDelegate.swift in Sources */,
				2914D89221B295F900D8644B /* FirstViewController.swift in Sources */,
			);
			runOnlyForDeploymentPostprocessing = 0;
		};
		2914D89E21B295F900D8644B /* Sources */ = {
			isa = PBXSourcesBuildPhase;
			buildActionMask = 2147483647;
			files = (
				2914D8A721B295F900D8644B /* Intro_to_iOSTests.swift in Sources */,
			);
			runOnlyForDeploymentPostprocessing = 0;
		};
		2914D8A921B295F900D8644B /* Sources */ = {
			isa = PBXSourcesBuildPhase;
			buildActionMask = 2147483647;
			files = (
				2914D8B221B295F900D8644B /* Intro_to_iOSUITests.swift in Sources */,
			);
			runOnlyForDeploymentPostprocessing = 0;
		};
/* End PBXSourcesBuildPhase section */

/* Begin PBXTargetDependency section */
		2914D8A421B295F900D8644B /* PBXTargetDependency */ = {
			isa = PBXTargetDependency;
			target = 2914D88B21B295F900D8644B /* Intro to iOS */;
			targetProxy = 2914D8A321B295F900D8644B /* PBXContainerItemProxy */;
		};
		2914D8AF21B295F900D8644B /* PBXTargetDependency */ = {
			isa = PBXTargetDependency;
			target = 2914D88B21B295F900D8644B /* Intro to iOS */;
			targetProxy = 2914D8AE21B295F900D8644B /* PBXContainerItemProxy */;
		};
/* End PBXTargetDependency section */

/* Begin PBXVariantGroup section */
		2914D89521B295F900D8644B /* Main.storyboard */ = {
			isa = PBXVariantGroup;
			children = (
				2914D89621B295F900D8644B /* Base */,
			);
			name = Main.storyboard;
			sourceTree = "<group>";
		};
		2914D89A21B295F900D8644B /* LaunchScreen.storyboard */ = {
			isa = PBXVariantGroup;
			children = (
				2914D89B21B295F900D8644B /* Base */,
			);
			name = LaunchScreen.storyboard;
			sourceTree = "<group>";
		};
/* End PBXVariantGroup section */

/* Begin XCBuildConfiguration section */
		2914D8B421B295F900D8644B /* Debug */ = {
			isa = XCBuildConfiguration;
			buildSettings = {
				ALWAYS_SEARCH_USER_PATHS = NO;
				CLANG_ANALYZER_NONNULL = YES;
				CLANG_ANALYZER_NUMBER_OBJECT_CONVERSION = YES_AGGRESSIVE;
				CLANG_CXX_LANGUAGE_STANDARD = "gnu++14";
				CLANG_CXX_LIBRARY = "libc++";
				CLANG_ENABLE_MODULES = YES;
				CLANG_ENABLE_OBJC_ARC = YES;
				CLANG_WARN_BLOCK_CAPTURE_AUTORELEASING = YES;
				CLANG_WARN_BOOL_CONVERSION = YES;
				CLANG_WARN_COMMA = YES;
				CLANG_WARN_CONSTANT_CONVERSION = YES;
				CLANG_WARN_DIRECT_OBJC_ISA_USAGE = YES_ERROR;
				CLANG_WARN_DOCUMENTATION_COMMENTS = YES;
				CLANG_WARN_EMPTY_BODY = YES;
				CLANG_WARN_ENUM_CONVERSION = YES;
				CLANG_WARN_INFINITE_RECURSION = YES;
				CLANG_WARN_INT_CONVERSION = YES;
				CLANG_WARN_NON_LITERAL_NULL_CONVERSION = YES;
				CLANG_WARN_OBJC_LITERAL_CONVERSION = YES;
				CLANG_WARN_OBJC_ROOT_CLASS = YES_ERROR;
				CLANG_WARN_RANGE_LOOP_ANALYSIS = YES;
				CLANG_WARN_STRICT_PROTOTYPES = YES;
				CLANG_WARN_SUSPICIOUS_MOVE = YES;
				CLANG_WARN_UNGUARDED_AVAILABILITY = YES_AGGRESSIVE;
				CLANG_WARN_UNREACHABLE_CODE = YES;
				CLANG_WARN__DUPLICATE_METHOD_MATCH = YES;
				CODE_SIGN_IDENTITY = "iPhone Developer";
				COPY_PHASE_STRIP = NO;
				DEBUG_INFORMATION_FORMAT = dwarf;
				ENABLE_STRICT_OBJC_MSGSEND = YES;
				ENABLE_TESTABILITY = YES;
				GCC_C_LANGUAGE_STANDARD = gnu11;
				GCC_DYNAMIC_NO_PIC = NO;
				GCC_NO_COMMON_BLOCKS = YES;
				GCC_OPTIMIZATION_LEVEL = 0;
				GCC_PREPROCESSOR_DEFINITIONS = (
					"DEBUG=1",
					"$(inherited)",
				);
				GCC_WARN_64_TO_32_BIT_CONVERSION = YES;
				GCC_WARN_ABOUT_RETURN_TYPE = YES_ERROR;
				GCC_WARN_UNDECLARED_SELECTOR = YES;
				GCC_WARN_UNINITIALIZED_AUTOS = YES_AGGRESSIVE;
				GCC_WARN_UNUSED_FUNCTION = YES;
				GCC_WARN_UNUSED_VARIABLE = YES;
				IPHONEOS_DEPLOYMENT_TARGET = 11.2;
				MTL_ENABLE_DEBUG_INFO = YES;
				ONLY_ACTIVE_ARCH = YES;
				SDKROOT = iphoneos;
				SWIFT_ACTIVE_COMPILATION_CONDITIONS = DEBUG;
				SWIFT_OPTIMIZATION_LEVEL = "-Onone";
			};
			name = Debug;
		};
		2914D8B521B295F900D8644B /* Release */ = {
			isa = XCBuildConfiguration;
			buildSettings = {
				ALWAYS_SEARCH_USER_PATHS = NO;
				CLANG_ANALYZER_NONNULL = YES;
				CLANG_ANALYZER_NUMBER_OBJECT_CONVERSION = YES_AGGRESSIVE;
				CLANG_CXX_LANGUAGE_STANDARD = "gnu++14";
				CLANG_CXX_LIBRARY = "libc++";
				CLANG_ENABLE_MODULES = YES;
				CLANG_ENABLE_OBJC_ARC = YES;
				CLANG_WARN_BLOCK_CAPTURE_AUTORELEASING = YES;
				CLANG_WARN_BOOL_CONVERSION = YES;
				CLANG_WARN_COMMA = YES;
				CLANG_WARN_CONSTANT_CONVERSION = YES;
				CLANG_WARN_DIRECT_OBJC_ISA_USAGE = YES_ERROR;
				CLANG_WARN_DOCUMENTATION_COMMENTS = YES;
				CLANG_WARN_EMPTY_BODY = YES;
				CLANG_WARN_ENUM_CONVERSION = YES;
				CLANG_WARN_INFINITE_RECURSION = YES;
				CLANG_WARN_INT_CONVERSION = YES;
				CLANG_WARN_NON_LITERAL_NULL_CONVERSION = YES;
				CLANG_WARN_OBJC_LITERAL_CONVERSION = YES;
				CLANG_WARN_OBJC_ROOT_CLASS = YES_ERROR;
				CLANG_WARN_RANGE_LOOP_ANALYSIS = YES;
				CLANG_WARN_STRICT_PROTOTYPES = YES;
				CLANG_WARN_SUSPICIOUS_MOVE = YES;
				CLANG_WARN_UNGUARDED_AVAILABILITY = YES_AGGRESSIVE;
				CLANG_WARN_UNREACHABLE_CODE = YES;
				CLANG_WARN__DUPLICATE_METHOD_MATCH = YES;
				CODE_SIGN_IDENTITY = "iPhone Developer";
				COPY_PHASE_STRIP = NO;
				DEBUG_INFORMATION_FORMAT = "dwarf-with-dsym";
				ENABLE_NS_ASSERTIONS = NO;
				ENABLE_STRICT_OBJC_MSGSEND = YES;
				GCC_C_LANGUAGE_STANDARD = gnu11;
				GCC_NO_COMMON_BLOCKS = YES;
				GCC_WARN_64_TO_32_BIT_CONVERSION = YES;
				GCC_WARN_ABOUT_RETURN_TYPE = YES_ERROR;
				GCC_WARN_UNDECLARED_SELECTOR = YES;
				GCC_WARN_UNINITIALIZED_AUTOS = YES_AGGRESSIVE;
				GCC_WARN_UNUSED_FUNCTION = YES;
				GCC_WARN_UNUSED_VARIABLE = YES;
				IPHONEOS_DEPLOYMENT_TARGET = 11.2;
				MTL_ENABLE_DEBUG_INFO = NO;
				SDKROOT = iphoneos;
				SWIFT_OPTIMIZATION_LEVEL = "-Owholemodule";
				VALIDATE_PRODUCT = YES;
			};
			name = Release;
		};
		2914D8B721B295F900D8644B /* Debug */ = {
			isa = XCBuildConfiguration;
			buildSettings = {
				ASSETCATALOG_COMPILER_APPICON_NAME = AppIcon;
				ASSETCATALOG_COMPILER_LAUNCHIMAGE_NAME = LaunchImage;
				CODE_SIGN_STYLE = Automatic;
				INFOPLIST_FILE = "Intro to iOS/Info.plist";
				LD_RUNPATH_SEARCH_PATHS = "$(inherited) @executable_path/Frameworks";
				PRODUCT_BUNDLE_IDENTIFIER = "kmerkulo.Intro-to-iOS";
				PRODUCT_NAME = "$(TARGET_NAME)";
				SWIFT_VERSION = 4.0;
				TARGETED_DEVICE_FAMILY = "1,2";
			};
			name = Debug;
		};
		2914D8B821B295F900D8644B /* Release */ = {
			isa = XCBuildConfiguration;
			buildSettings = {
				ASSETCATALOG_COMPILER_APPICON_NAME = AppIcon;
				ASSETCATALOG_COMPILER_LAUNCHIMAGE_NAME = LaunchImage;
				CODE_SIGN_STYLE = Automatic;
				INFOPLIST_FILE = "Intro to iOS/Info.plist";
				LD_RUNPATH_SEARCH_PATHS = "$(inherited) @executable_path/Frameworks";
				PRODUCT_BUNDLE_IDENTIFIER = "kmerkulo.Intro-to-iOS";
				PRODUCT_NAME = "$(TARGET_NAME)";
				SWIFT_VERSION = 4.0;
				TARGETED_DEVICE_FAMILY = "1,2";
			};
			name = Release;
		};
		2914D8BA21B295F900D8644B /* Debug */ = {
			isa = XCBuildConfiguration;
			buildSettings = {
				ALWAYS_EMBED_SWIFT_STANDARD_LIBRARIES = YES;
				BUNDLE_LOADER = "$(TEST_HOST)";
				CODE_SIGN_STYLE = Automatic;
				INFOPLIST_FILE = "Intro to iOSTests/Info.plist";
				LD_RUNPATH_SEARCH_PATHS = "$(inherited) @executable_path/Frameworks @loader_path/Frameworks";
				PRODUCT_BUNDLE_IDENTIFIER = "kmerkulo.Intro-to-iOSTests";
				PRODUCT_NAME = "$(TARGET_NAME)";
				SWIFT_VERSION = 4.0;
				TARGETED_DEVICE_FAMILY = "1,2";
				TEST_HOST = "$(BUILT_PRODUCTS_DIR)/Intro to iOS.app/Intro to iOS";
			};
			name = Debug;
		};
		2914D8BB21B295F900D8644B /* Release */ = {
			isa = XCBuildConfiguration;
			buildSettings = {
				ALWAYS_EMBED_SWIFT_STANDARD_LIBRARIES = YES;
				BUNDLE_LOADER = "$(TEST_HOST)";
				CODE_SIGN_STYLE = Automatic;
				INFOPLIST_FILE = "Intro to iOSTests/Info.plist";
				LD_RUNPATH_SEARCH_PATHS = "$(inherited) @executable_path/Frameworks @loader_path/Frameworks";
				PRODUCT_BUNDLE_IDENTIFIER = "kmerkulo.Intro-to-iOSTests";
				PRODUCT_NAME = "$(TARGET_NAME)";
				SWIFT_VERSION = 4.0;
				TARGETED_DEVICE_FAMILY = "1,2";
				TEST_HOST = "$(BUILT_PRODUCTS_DIR)/Intro to iOS.app/Intro to iOS";
			};
			name = Release;
		};
		2914D8BD21B295F900D8644B /* Debug */ = {
			isa = XCBuildConfiguration;
			buildSettings = {
				ALWAYS_EMBED_SWIFT_STANDARD_LIBRARIES = YES;
				CODE_SIGN_STYLE = Automatic;
				INFOPLIST_FILE = "Intro to iOSUITests/Info.plist";
				LD_RUNPATH_SEARCH_PATHS = "$(inherited) @executable_path/Frameworks @loader_path/Frameworks";
				PRODUCT_BUNDLE_IDENTIFIER = "kmerkulo.Intro-to-iOSUITests";
				PRODUCT_NAME = "$(TARGET_NAME)";
				SWIFT_VERSION = 4.0;
				TARGETED_DEVICE_FAMILY = "1,2";
				TEST_TARGET_NAME = "Intro to iOS";
			};
			name = Debug;
		};
		2914D8BE21B295F900D8644B /* Release */ = {
			isa = XCBuildConfiguration;
			buildSettings = {
				ALWAYS_EMBED_SWIFT_STANDARD_LIBRARIES = YES;
				CODE_SIGN_STYLE = Automatic;
				INFOPLIST_FILE = "Intro to iOSUITests/Info.plist";
				LD_RUNPATH_SEARCH_PATHS = "$(inherited) @executable_path/Frameworks @loader_path/Frameworks";
				PRODUCT_BUNDLE_IDENTIFIER = "kmerkulo.Intro-to-iOSUITests";
				PRODUCT_NAME = "$(TARGET_NAME)";
				SWIFT_VERSION = 4.0;
				TARGETED_DEVICE_FAMILY = "1,2";
				TEST_TARGET_NAME = "Intro to iOS";
			};
			name = Release;
		};
/* End XCBuildConfiguration section */

/* Begin XCConfigurationList section */
		2914D88721B295F900D8644B /* Build configuration list for PBXProject "Intro to iOS" */ = {
			isa = XCConfigurationList;
			buildConfigurations = (
				2914D8B421B295F900D8644B /* Debug */,
				2914D8B521B295F900D8644B /* Release */,
			);
			defaultConfigurationIsVisible = 0;
			defaultConfigurationName = Release;
		};
		2914D8B621B295F900D8644B /* Build configuration list for PBXNativeTarget "Intro to iOS" */ = {
			isa = XCConfigurationList;
			buildConfigurations = (
				2914D8B721B295F900D8644B /* Debug */,
				2914D8B821B295F900D8644B /* Release */,
			);
			defaultConfigurationIsVisible = 0;
			defaultConfigurationName = Release;
		};
		2914D8B921B295F900D8644B /* Build configuration list for PBXNativeTarget "Intro to iOSTests" */ = {
			isa = XCConfigurationList;
			buildConfigurations = (
				2914D8BA21B295F900D8644B /* Debug */,
				2914D8BB21B295F900D8644B /* Release */,
			);
			defaultConfigurationIsVisible = 0;
			defaultConfigurationName = Release;
		};
		2914D8BC21B295F900D8644B /* Build configuration list for PBXNativeTarget "Intro to iOSUITests" */ = {
			isa = XCConfigurationList;
			buildConfigurations = (
				2914D8BD21B295F900D8644B /* Debug */,
				2914D8BE21B295F900D8644B /* Release */,
			);
			defaultConfigurationIsVisible = 0;
			defaultConfigurationName = Release;
		};
/* End XCConfigurationList section */
	};
	rootObject = 2914D88421B295F900D8644B /* Project object */;
}
